{
  "name": "@herdeiroeth/neighbourhood",
  "version": "0.1.0",
  "lockfileVersion": 3,
  "requires": true,
  "packages": {
    "": {
      "name": "@herdeiroeth/neighbourhood",
      "version": "0.1.0",
      "license": "MIT",
      "bin": {
        "neighbourhood-client": "bin/client.js",
        "neighbourhood-server": "bin/server.js"
      },
      "engines": {
        "node": ">=22"
      }
    }
  }
}
